
Microsoft Visual Studio Solution File, Format Version 12.00
# Visual Studio 14
VisualStudioVersion = 14.0.23107.0
MinimumVisualStudioVersion = 10.0.40219.1
Project("{2150E333-8FDC-42A3-9474-1A3956D46DE8}") = "Platforms", "Platforms", "{9C40F9F5-3C3D-4DCC-8E62-8D83DD8B53E1}"
EndProject
Project("{FAE04EC0-301F-11D3-BF4B-00C04F79EFBC}") = "QuickStartAndroid", "QuickStartAndroid\QuickStartAndroid.csproj", "{602BF2B7-0DE4-40F4-B36B-CFC805D83A58}"
EndProject
Project("{FAE04EC0-301F-11D3-BF4B-00C04F79EFBC}") = "QuickStartiOS", "QuickStartiOS\QuickStartiOS.csproj", "{619E3A9A-C721-4995-AD2F-CBDAC79B915B}"
EndProject
Project("{2150E333-8FDC-42A3-9474-1A3956D46DE8}") = "Core", "Core", "{09A80A9D-A75E-4A15-A8F3-BA28370B2E4E}"
EndProject
Project("{FAE04EC0-301F-11D3-BF4B-00C04F79EFBC}") = "QuickStartPortable", "Portable\QuickStartPortable\QuickStartPortable.csproj", "{F1BEF67B-D6B3-4226-BB4D-0E0F19D70403}"
EndProject
Project("{D954291E-2A0B-460D-934E-DC6B0785DB48}") = "QuickStartShared", "QuickStartShared\QuickStartShared.shproj", "{30862F4A-7B08-4D06-8563-AFDA1229B3FD}"
EndProject
Project("{FAE04EC0-301F-11D3-BF4B-00C04F79EFBC}") = "QuickStartWin", "QuickStartWin\QuickStartWin.csproj", "{6ADED81D-2562-468C-A957-4FEEC5CC569C}"
EndProject
Global
	GlobalSection(SharedMSBuildProjectFiles) = preSolution
		QuickStartShared\SharedProject1.projitems*{602bf2b7-0de4-40f4-b36b-cfc805d83a58}*SharedItemsImports = 4
		QuickStartShared\SharedProject1.projitems*{30862f4a-7b08-4d06-8563-afda1229b3fd}*SharedItemsImports = 13
		QuickStartShared\SharedProject1.projitems*{6aded81d-2562-468c-a957-4feec5cc569c}*SharedItemsImports = 4
		QuickStartShared\SharedProject1.projitems*{619e3a9a-c721-4995-ad2f-cbdac79b915b}*SharedItemsImports = 4
	EndGlobalSection
	GlobalSection(SolutionConfigurationPlatforms) = preSolution
		Ad-Hoc|Any CPU = Ad-Hoc|Any CPU
		Ad-Hoc|ARM = Ad-Hoc|ARM
		Ad-Hoc|iPhone = Ad-Hoc|iPhone
		Ad-Hoc|iPhoneSimulator = Ad-Hoc|iPhoneSimulator
		Ad-Hoc|x64 = Ad-Hoc|x64
		Ad-Hoc|x86 = Ad-Hoc|x86
		AppStore|Any CPU = AppStore|Any CPU
		AppStore|ARM = AppStore|ARM
		AppStore|iPhone = AppStore|iPhone
		AppStore|iPhoneSimulator = AppStore|iPhoneSimulator
		AppStore|x64 = AppStore|x64
		AppStore|x86 = AppStore|x86
		Debug|Any CPU = Debug|Any CPU
		Debug|ARM = Debug|ARM
		Debug|iPhone = Debug|iPhone
		Debug|iPhoneSimulator = Debug|iPhoneSimulator
		Debug|x64 = Debug|x64
		Debug|x86 = Debug|x86
		Release|Any CPU = Release|Any CPU
		Release|ARM = Release|ARM
		Release|iPhone = Release|iPhone
		Release|iPhoneSimulator = Release|iPhoneSimulator
		Release|x64 = Release|x64
		Release|x86 = Release|x86
	EndGlobalSection
	GlobalSection(ProjectConfigurationPlatforms) = postSolution
		{602BF2B7-0DE4-40F4-B36B-CFC805D83A58}.Ad-Hoc|Any CPU.ActiveCfg = Release|Any CPU
		{602BF2B7-0DE4-40F4-B36B-CFC805D83A58}.Ad-Hoc|Any CPU.Build.0 = Release|Any CPU
		{602BF2B7-0DE4-40F4-B36B-CFC805D83A58}.Ad-Hoc|Any CPU.Deploy.0 = Release|Any CPU
		{602BF2B7-0DE4-40F4-B36B-CFC805D83A58}.Ad-Hoc|ARM.ActiveCfg = Release|Any CPU
		{602BF2B7-0DE4-40F4-B36B-CFC805D83A58}.Ad-Hoc|ARM.Build.0 = Release|Any CPU
		{602BF2B7-0DE4-40F4-B36B-CFC805D83A58}.Ad-Hoc|ARM.Deploy.0 = Release|Any CPU
		{602BF2B7-0DE4-40F4-B36B-CFC805D83A58}.Ad-Hoc|iPhone.ActiveCfg = Release|Any CPU
		{602BF2B7-0DE4-40F4-B36B-CFC805D83A58}.Ad-Hoc|iPhone.Build.0 = Release|Any CPU
		{602BF2B7-0DE4-40F4-B36B-CFC805D83A58}.Ad-Hoc|iPhone.Deploy.0 = Release|Any CPU
		{602BF2B7-0DE4-40F4-B36B-CFC805D83A58}.Ad-Hoc|iPhoneSimulator.ActiveCfg = Release|Any CPU
		{602BF2B7-0DE4-40F4-B36B-CFC805D83A58}.Ad-Hoc|iPhoneSimulator.Build.0 = Release|Any CPU
		{602BF2B7-0DE4-40F4-B36B-CFC805D83A58}.Ad-Hoc|iPhoneSimulator.Deploy.0 = Release|Any CPU
		{602BF2B7-0DE4-40F4-B36B-CFC805D83A58}.Ad-Hoc|x64.ActiveCfg = Release|Any CPU
		{602BF2B7-0DE4-40F4-B36B-CFC805D83A58}.Ad-Hoc|x64.Build.0 = Release|Any CPU
		{602BF2B7-0DE4-40F4-B36B-CFC805D83A58}.Ad-Hoc|x64.Deploy.0 = Release|Any CPU
		{602BF2B7-0DE4-40F4-B36B-CFC805D83A58}.Ad-Hoc|x86.ActiveCfg = Release|Any CPU
		{602BF2B7-0DE4-40F4-B36B-CFC805D83A58}.Ad-Hoc|x86.Build.0 = Release|Any CPU
		{602BF2B7-0DE4-40F4-B36B-CFC805D83A58}.Ad-Hoc|x86.Deploy.0 = Release|Any CPU
		{602BF2B7-0DE4-40F4-B36B-CFC805D83A58}.AppStore|Any CPU.ActiveCfg = Release|Any CPU
		{602BF2B7-0DE4-40F4-B36B-CFC805D83A58}.AppStore|Any CPU.Build.0 = Release|Any CPU
		{602BF2B7-0DE4-40F4-B36B-CFC805D83A58}.AppStore|Any CPU.Deploy.0 = Release|Any CPU
		{602BF2B7-0DE4-40F4-B36B-CFC805D83A58}.AppStore|ARM.ActiveCfg = Release|Any CPU
		{602BF2B7-0DE4-40F4-B36B-CFC805D83A58}.AppStore|ARM.Build.0 = Release|Any CPU
		{602BF2B7-0DE4-40F4-B36B-CFC805D83A58}.AppStore|ARM.Deploy.0 = Release|Any CPU
		{602BF2B7-0DE4-40F4-B36B-CFC805D83A58}.AppStore|iPhone.ActiveCfg = Release|Any CPU
		{602BF2B7-0DE4-40F4-B36B-CFC805D83A58}.AppStore|iPhone.Build.0 = Release|Any CPU
		{602BF2B7-0DE4-40F4-B36B-CFC805D83A58}.AppStore|iPhone.Deploy.0 = Release|Any CPU
		{602BF2B7-0DE4-40F4-B36B-CFC805D83A58}.AppStore|iPhoneSimulator.ActiveCfg = Release|Any CPU
		{602BF2B7-0DE4-40F4-B36B-CFC805D83A58}.AppStore|iPhoneSimulator.Build.0 = Release|Any CPU
		{602BF2B7-0DE4-40F4-B36B-CFC805D83A58}.AppStore|iPhoneSimulator.Deploy.0 = Release|Any CPU
		{602BF2B7-0DE4-40F4-B36B-CFC805D83A58}.AppStore|x64.ActiveCfg = Release|Any CPU
		{602BF2B7-0DE4-40F4-B36B-CFC805D83A58}.AppStore|x64.Build.0 = Release|Any CPU
		{602BF2B7-0DE4-40F4-B36B-CFC805D83A58}.AppStore|x64.Deploy.0 = Release|Any CPU
		{602BF2B7-0DE4-40F4-B36B-CFC805D83A58}.AppStore|x86.ActiveCfg = Release|Any CPU
		{602BF2B7-0DE4-40F4-B36B-CFC805D83A58}.AppStore|x86.Build.0 = Release|Any CPU
		{602BF2B7-0DE4-40F4-B36B-CFC805D83A58}.AppStore|x86.Deploy.0 = Release|Any CPU
		{602BF2B7-0DE4-40F4-B36B-CFC805D83A58}.Debug|Any CPU.ActiveCfg = Debug|Any CPU
		{602BF2B7-0DE4-40F4-B36B-CFC805D83A58}.Debug|Any CPU.Build.0 = Debug|Any CPU
		{602BF2B7-0DE4-40F4-B36B-CFC805D83A58}.Debug|Any CPU.Deploy.0 = Debug|Any CPU
		{602BF2B7-0DE4-40F4-B36B-CFC805D83A58}.Debug|ARM.ActiveCfg = Debug|Any CPU
		{602BF2B7-0DE4-40F4-B36B-CFC805D83A58}.Debug|ARM.Build.0 = Debug|Any CPU
		{602BF2B7-0DE4-40F4-B36B-CFC805D83A58}.Debug|ARM.Deploy.0 = Debug|Any CPU
		{602BF2B7-0DE4-40F4-B36B-CFC805D83A58}.Debug|iPhone.ActiveCfg = Debug|Any CPU
		{602BF2B7-0DE4-40F4-B36B-CFC805D83A58}.Debug|iPhone.Build.0 = Debug|Any CPU
		{602BF2B7-0DE4-40F4-B36B-CFC805D83A58}.Debug|iPhone.Deploy.0 = Debug|Any CPU
		{602BF2B7-0DE4-40F4-B36B-CFC805D83A58}.Debug|iPhoneSimulator.ActiveCfg = Debug|Any CPU
		{602BF2B7-0DE4-40F4-B36B-CFC805D83A58}.Debug|iPhoneSimulator.Build.0 = Debug|Any CPU
		{602BF2B7-0DE4-40F4-B36B-CFC805D83A58}.Debug|iPhoneSimulator.Deploy.0 = Debug|Any CPU
		{602BF2B7-0DE4-40F4-B36B-CFC805D83A58}.Debug|x64.ActiveCfg = Debug|Any CPU
		{602BF2B7-0DE4-40F4-B36B-CFC805D83A58}.Debug|x64.Build.0 = Debug|Any CPU
		{602BF2B7-0DE4-40F4-B36B-CFC805D83A58}.Debug|x64.Deploy.0 = Debug|Any CPU
		{602BF2B7-0DE4-40F4-B36B-CFC805D83A58}.Debug|x86.ActiveCfg = Debug|Any CPU
		{602BF2B7-0DE4-40F4-B36B-CFC805D83A58}.Debug|x86.Build.0 = Debug|Any CPU
		{602BF2B7-0DE4-40F4-B36B-CFC805D83A58}.Debug|x86.Deploy.0 = Debug|Any CPU
		{602BF2B7-0DE4-40F4-B36B-CFC805D83A58}.Release|Any CPU.ActiveCfg = Release|Any CPU
		{602BF2B7-0DE4-40F4-B36B-CFC805D83A58}.Release|Any CPU.Build.0 = Release|Any CPU
		{602BF2B7-0DE4-40F4-B36B-CFC805D83A58}.Release|Any CPU.Deploy.0 = Release|Any CPU
		{602BF2B7-0DE4-40F4-B36B-CFC805D83A58}.Release|ARM.ActiveCfg = Release|Any CPU
		{602BF2B7-0DE4-40F4-B36B-CFC805D83A58}.Release|ARM.Build.0 = Release|Any CPU
		{602BF2B7-0DE4-40F4-B36B-CFC805D83A58}.Release|ARM.Deploy.0 = Release|Any CPU
		{602BF2B7-0DE4-40F4-B36B-CFC805D83A58}.Release|iPhone.ActiveCfg = Release|Any CPU
		{602BF2B7-0DE4-40F4-B36B-CFC805D83A58}.Release|iPhone.Build.0 = Release|Any CPU
		{602BF2B7-0DE4-40F4-B36B-CFC805D83A58}.Release|iPhone.Deploy.0 = Release|Any CPU
		{602BF2B7-0DE4-40F4-B36B-CFC805D83A58}.Release|iPhoneSimulator.ActiveCfg = Release|Any CPU
		{602BF2B7-0DE4-40F4-B36B-CFC805D83A58}.Release|iPhoneSimulator.Build.0 = Release|Any CPU
		{602BF2B7-0DE4-40F4-B36B-CFC805D83A58}.Release|iPhoneSimulator.Deploy.0 = Release|Any CPU
		{602BF2B7-0DE4-40F4-B36B-CFC805D83A58}.Release|x64.ActiveCfg = Release|Any CPU
		{602BF2B7-0DE4-40F4-B36B-CFC805D83A58}.Release|x64.Build.0 = Release|Any CPU
		{602BF2B7-0DE4-40F4-B36B-CFC805D83A58}.Release|x64.Deploy.0 = Release|Any CPU
		{602BF2B7-0DE4-40F4-B36B-CFC805D83A58}.Release|x86.ActiveCfg = Release|Any CPU
		{602BF2B7-0DE4-40F4-B36B-CFC805D83A58}.Release|x86.Build.0 = Release|Any CPU
		{602BF2B7-0DE4-40F4-B36B-CFC805D83A58}.Release|x86.Deploy.0 = Release|Any CPU
		{619E3A9A-C721-4995-AD2F-CBDAC79B915B}.Ad-Hoc|Any CPU.ActiveCfg = Ad-Hoc|iPhone
		{619E3A9A-C721-4995-AD2F-CBDAC79B915B}.Ad-Hoc|Any CPU.Build.0 = Ad-Hoc|iPhone
		{619E3A9A-C721-4995-AD2F-CBDAC79B915B}.Ad-Hoc|ARM.ActiveCfg = Ad-Hoc|iPhone
		{619E3A9A-C721-4995-AD2F-CBDAC79B915B}.Ad-Hoc|ARM.Build.0 = Ad-Hoc|iPhone
		{619E3A9A-C721-4995-AD2F-CBDAC79B915B}.Ad-Hoc|iPhone.ActiveCfg = Ad-Hoc|iPhone
		{619E3A9A-C721-4995-AD2F-CBDAC79B915B}.Ad-Hoc|iPhone.Build.0 = Ad-Hoc|iPhone
		{619E3A9A-C721-4995-AD2F-CBDAC79B915B}.Ad-Hoc|iPhoneSimulator.ActiveCfg = Ad-Hoc|iPhoneSimulator
		{619E3A9A-C721-4995-AD2F-CBDAC79B915B}.Ad-Hoc|iPhoneSimulator.Build.0 = Ad-Hoc|iPhoneSimulator
		{619E3A9A-C721-4995-AD2F-CBDAC79B915B}.Ad-Hoc|x64.ActiveCfg = Ad-Hoc|iPhone
		{619E3A9A-C721-4995-AD2F-CBDAC79B915B}.Ad-Hoc|x64.Build.0 = Ad-Hoc|iPhone
		{619E3A9A-C721-4995-AD2F-CBDAC79B915B}.Ad-Hoc|x86.ActiveCfg = Ad-Hoc|iPhone
		{619E3A9A-C721-4995-AD2F-CBDAC79B915B}.Ad-Hoc|x86.Build.0 = Ad-Hoc|iPhone
		{619E3A9A-C721-4995-AD2F-CBDAC79B915B}.AppStore|Any CPU.ActiveCfg = AppStore|iPhone
		{619E3A9A-C721-4995-AD2F-CBDAC79B915B}.AppStore|Any CPU.Build.0 = AppStore|iPhone
		{619E3A9A-C721-4995-AD2F-CBDAC79B915B}.AppStore|ARM.ActiveCfg = AppStore|iPhone
		{619E3A9A-C721-4995-AD2F-CBDAC79B915B}.AppStore|ARM.Build.0 = AppStore|iPhone
		{619E3A9A-C721-4995-AD2F-CBDAC79B915B}.AppStore|iPhone.ActiveCfg = AppStore|iPhone
		{619E3A9A-C721-4995-AD2F-CBDAC79B915B}.AppStore|iPhone.Build.0 = AppStore|iPhone
		{619E3A9A-C721-4995-AD2F-CBDAC79B915B}.AppStore|iPhoneSimulator.ActiveCfg = AppStore|iPhoneSimulator
		{619E3A9A-C721-4995-AD2F-CBDAC79B915B}.AppStore|iPhoneSimulator.Build.0 = AppStore|iPhoneSimulator
		{619E3A9A-C721-4995-AD2F-CBDAC79B915B}.AppStore|x64.ActiveCfg = AppStore|iPhone
		{619E3A9A-C721-4995-AD2F-CBDAC79B915B}.AppStore|x64.Build.0 = AppStore|iPhone
		{619E3A9A-C721-4995-AD2F-CBDAC79B915B}.AppStore|x86.ActiveCfg = AppStore|iPhone
		{619E3A9A-C721-4995-AD2F-CBDAC79B915B}.AppStore|x86.Build.0 = AppStore|iPhone
		{619E3A9A-C721-4995-AD2F-CBDAC79B915B}.Debug|Any CPU.ActiveCfg = Debug|iPhone
		{619E3A9A-C721-4995-AD2F-CBDAC79B915B}.Debug|Any CPU.Build.0 = Debug|iPhone
		{619E3A9A-C721-4995-AD2F-CBDAC79B915B}.Debug|ARM.ActiveCfg = Debug|iPhone
		{619E3A9A-C721-4995-AD2F-CBDAC79B915B}.Debug|ARM.Build.0 = Debug|iPhoneSimulator
		{619E3A9A-C721-4995-AD2F-CBDAC79B915B}.Debug|iPhone.ActiveCfg = Debug|iPhone
		{619E3A9A-C721-4995-AD2F-CBDAC79B915B}.Debug|iPhone.Build.0 = Debug|iPhone
		{619E3A9A-C721-4995-AD2F-CBDAC79B915B}.Debug|iPhoneSimulator.ActiveCfg = Debug|iPhoneSimulator
		{619E3A9A-C721-4995-AD2F-CBDAC79B915B}.Debug|iPhoneSimulator.Build.0 = Debug|iPhoneSimulator
		{619E3A9A-C721-4995-AD2F-CBDAC79B915B}.Debug|x64.ActiveCfg = Debug|iPhone
		{619E3A9A-C721-4995-AD2F-CBDAC79B915B}.Debug|x64.Build.0 = Debug|iPhoneSimulator
		{619E3A9A-C721-4995-AD2F-CBDAC79B915B}.Debug|x86.ActiveCfg = Debug|iPhone
		{619E3A9A-C721-4995-AD2F-CBDAC79B915B}.Debug|x86.Build.0 = Debug|iPhoneSimulator
		{619E3A9A-C721-4995-AD2F-CBDAC79B915B}.Release|Any CPU.ActiveCfg = Release|iPhone
		{619E3A9A-C721-4995-AD2F-CBDAC79B915B}.Release|Any CPU.Build.0 = Release|iPhoneSimulator
		{619E3A9A-C721-4995-AD2F-CBDAC79B915B}.Release|ARM.ActiveCfg = Release|iPhone
		{619E3A9A-C721-4995-AD2F-CBDAC79B915B}.Release|ARM.Build.0 = Release|iPhoneSimulator
		{619E3A9A-C721-4995-AD2F-CBDAC79B915B}.Release|iPhone.ActiveCfg = Release|iPhone
		{619E3A9A-C721-4995-AD2F-CBDAC79B915B}.Release|iPhone.Build.0 = Release|iPhone
		{619E3A9A-C721-4995-AD2F-CBDAC79B915B}.Release|iPhoneSimulator.ActiveCfg = Release|iPhoneSimulator
		{619E3A9A-C721-4995-AD2F-CBDAC79B915B}.Release|iPhoneSimulator.Build.0 = Release|iPhoneSimulator
		{619E3A9A-C721-4995-AD2F-CBDAC79B915B}.Release|x64.ActiveCfg = Release|iPhone
		{619E3A9A-C721-4995-AD2F-CBDAC79B915B}.Release|x64.Build.0 = Release|iPhoneSimulator
		{619E3A9A-C721-4995-AD2F-CBDAC79B915B}.Release|x86.ActiveCfg = Release|iPhone
		{619E3A9A-C721-4995-AD2F-CBDAC79B915B}.Release|x86.Build.0 = Release|iPhoneSimulator
		{F1BEF67B-D6B3-4226-BB4D-0E0F19D70403}.Ad-Hoc|Any CPU.ActiveCfg = Debug|Any CPU
		{F1BEF67B-D6B3-4226-BB4D-0E0F19D70403}.Ad-Hoc|Any CPU.Build.0 = Debug|Any CPU
		{F1BEF67B-D6B3-4226-BB4D-0E0F19D70403}.Ad-Hoc|ARM.ActiveCfg = Debug|Any CPU
		{F1BEF67B-D6B3-4226-BB4D-0E0F19D70403}.Ad-Hoc|ARM.Build.0 = Debug|Any CPU
		{F1BEF67B-D6B3-4226-BB4D-0E0F19D70403}.Ad-Hoc|iPhone.ActiveCfg = Debug|Any CPU
		{F1BEF67B-D6B3-4226-BB4D-0E0F19D70403}.Ad-Hoc|iPhone.Build.0 = Debug|Any CPU
		{F1BEF67B-D6B3-4226-BB4D-0E0F19D70403}.Ad-Hoc|iPhoneSimulator.ActiveCfg = Debug|Any CPU
		{F1BEF67B-D6B3-4226-BB4D-0E0F19D70403}.Ad-Hoc|iPhoneSimulator.Build.0 = Debug|Any CPU
		{F1BEF67B-D6B3-4226-BB4D-0E0F19D70403}.Ad-Hoc|x64.ActiveCfg = Debug|Any CPU
		{F1BEF67B-D6B3-4226-BB4D-0E0F19D70403}.Ad-Hoc|x64.Build.0 = Debug|Any CPU
		{F1BEF67B-D6B3-4226-BB4D-0E0F19D70403}.Ad-Hoc|x86.ActiveCfg = Debug|Any CPU
		{F1BEF67B-D6B3-4226-BB4D-0E0F19D70403}.Ad-Hoc|x86.Build.0 = Debug|Any CPU
		{F1BEF67B-D6B3-4226-BB4D-0E0F19D70403}.AppStore|Any CPU.ActiveCfg = Debug|Any CPU
		{F1BEF67B-D6B3-4226-BB4D-0E0F19D70403}.AppStore|Any CPU.Build.0 = Debug|Any CPU
		{F1BEF67B-D6B3-4226-BB4D-0E0F19D70403}.AppStore|ARM.ActiveCfg = Debug|Any CPU
		{F1BEF67B-D6B3-4226-BB4D-0E0F19D70403}.AppStore|ARM.Build.0 = Debug|Any CPU
		{F1BEF67B-D6B3-4226-BB4D-0E0F19D70403}.AppStore|iPhone.ActiveCfg = Debug|Any CPU
		{F1BEF67B-D6B3-4226-BB4D-0E0F19D70403}.AppStore|iPhone.Build.0 = Debug|Any CPU
		{F1BEF67B-D6B3-4226-BB4D-0E0F19D70403}.AppStore|iPhoneSimulator.ActiveCfg = Debug|Any CPU
		{F1BEF67B-D6B3-4226-BB4D-0E0F19D70403}.AppStore|iPhoneSimulator.Build.0 = Debug|Any CPU
		{F1BEF67B-D6B3-4226-BB4D-0E0F19D70403}.AppStore|x64.ActiveCfg = Debug|Any CPU
		{F1BEF67B-D6B3-4226-BB4D-0E0F19D70403}.AppStore|x64.Build.0 = Debug|Any CPU
		{F1BEF67B-D6B3-4226-BB4D-0E0F19D70403}.AppStore|x86.ActiveCfg = Debug|Any CPU
		{F1BEF67B-D6B3-4226-BB4D-0E0F19D70403}.AppStore|x86.Build.0 = Debug|Any CPU
		{F1BEF67B-D6B3-4226-BB4D-0E0F19D70403}.Debug|Any CPU.ActiveCfg = Debug|Any CPU
		{F1BEF67B-D6B3-4226-BB4D-0E0F19D70403}.Debug|Any CPU.Build.0 = Debug|Any CPU
		{F1BEF67B-D6B3-4226-BB4D-0E0F19D70403}.Debug|ARM.ActiveCfg = Debug|Any CPU
		{F1BEF67B-D6B3-4226-BB4D-0E0F19D70403}.Debug|ARM.Build.0 = Debug|Any CPU
		{F1BEF67B-D6B3-4226-BB4D-0E0F19D70403}.Debug|iPhone.ActiveCfg = Debug|Any CPU
		{F1BEF67B-D6B3-4226-BB4D-0E0F19D70403}.Debug|iPhone.Build.0 = Debug|Any CPU
		{F1BEF67B-D6B3-4226-BB4D-0E0F19D70403}.Debug|iPhoneSimulator.ActiveCfg = Debug|Any CPU
		{F1BEF67B-D6B3-4226-BB4D-0E0F19D70403}.Debug|iPhoneSimulator.Build.0 = Debug|Any CPU
		{F1BEF67B-D6B3-4226-BB4D-0E0F19D70403}.Debug|x64.ActiveCfg = Debug|Any CPU
		{F1BEF67B-D6B3-4226-BB4D-0E0F19D70403}.Debug|x64.Build.0 = Debug|Any CPU
		{F1BEF67B-D6B3-4226-BB4D-0E0F19D70403}.Debug|x86.ActiveCfg = Debug|Any CPU
		{F1BEF67B-D6B3-4226-BB4D-0E0F19D70403}.Debug|x86.Build.0 = Debug|Any CPU
		{F1BEF67B-D6B3-4226-BB4D-0E0F19D70403}.Release|Any CPU.ActiveCfg = Release|Any CPU
		{F1BEF67B-D6B3-4226-BB4D-0E0F19D70403}.Release|Any CPU.Build.0 = Release|Any CPU
		{F1BEF67B-D6B3-4226-BB4D-0E0F19D70403}.Release|ARM.ActiveCfg = Release|Any CPU
		{F1BEF67B-D6B3-4226-BB4D-0E0F19D70403}.Release|ARM.Build.0 = Release|Any CPU
		{F1BEF67B-D6B3-4226-BB4D-0E0F19D70403}.Release|iPhone.ActiveCfg = Release|Any CPU
		{F1BEF67B-D6B3-4226-BB4D-0E0F19D70403}.Release|iPhone.Build.0 = Release|Any CPU
		{F1BEF67B-D6B3-4226-BB4D-0E0F19D70403}.Release|iPhoneSimulator.ActiveCfg = Release|Any CPU
		{F1BEF67B-D6B3-4226-BB4D-0E0F19D70403}.Release|iPhoneSimulator.Build.0 = Release|Any CPU
		{F1BEF67B-D6B3-4226-BB4D-0E0F19D70403}.Release|x64.ActiveCfg = Release|Any CPU
		{F1BEF67B-D6B3-4226-BB4D-0E0F19D70403}.Release|x64.Build.0 = Release|Any CPU
		{F1BEF67B-D6B3-4226-BB4D-0E0F19D70403}.Release|x86.ActiveCfg = Release|Any CPU
		{F1BEF67B-D6B3-4226-BB4D-0E0F19D70403}.Release|x86.Build.0 = Release|Any CPU
		{6ADED81D-2562-468C-A957-4FEEC5CC569C}.Ad-Hoc|Any CPU.ActiveCfg = Release|x86
		{6ADED81D-2562-468C-A957-4FEEC5CC569C}.Ad-Hoc|Any CPU.Build.0 = Release|x86
		{6ADED81D-2562-468C-A957-4FEEC5CC569C}.Ad-Hoc|Any CPU.Deploy.0 = Release|x86
		{6ADED81D-2562-468C-A957-4FEEC5CC569C}.Ad-Hoc|ARM.ActiveCfg = Release|ARM
		{6ADED81D-2562-468C-A957-4FEEC5CC569C}.Ad-Hoc|ARM.Build.0 = Release|ARM
		{6ADED81D-2562-468C-A957-4FEEC5CC569C}.Ad-Hoc|ARM.Deploy.0 = Release|ARM
		{6ADED81D-2562-468C-A957-4FEEC5CC569C}.Ad-Hoc|iPhone.ActiveCfg = Release|x86
		{6ADED81D-2562-468C-A957-4FEEC5CC569C}.Ad-Hoc|iPhone.Build.0 = Release|x86
		{6ADED81D-2562-468C-A957-4FEEC5CC569C}.Ad-Hoc|iPhone.Deploy.0 = Release|x86
		{6ADED81D-2562-468C-A957-4FEEC5CC569C}.Ad-Hoc|iPhoneSimulator.ActiveCfg = Release|x86
		{6ADED81D-2562-468C-A957-4FEEC5CC569C}.Ad-Hoc|iPhoneSimulator.Build.0 = Release|x86
		{6ADED81D-2562-468C-A957-4FEEC5CC569C}.Ad-Hoc|iPhoneSimulator.Deploy.0 = Release|x86
		{6ADED81D-2562-468C-A957-4FEEC5CC569C}.Ad-Hoc|x64.ActiveCfg = Release|x64
		{6ADED81D-2562-468C-A957-4FEEC5CC569C}.Ad-Hoc|x64.Build.0 = Release|x64
		{6ADED81D-2562-468C-A957-4FEEC5CC569C}.Ad-Hoc|x64.Deploy.0 = Release|x64
		{6ADED81D-2562-468C-A957-4FEEC5CC569C}.Ad-Hoc|x86.ActiveCfg = Release|x86
		{6ADED81D-2562-468C-A957-4FEEC5CC569C}.Ad-Hoc|x86.Build.0 = Release|x86
		{6ADED81D-2562-468C-A957-4FEEC5CC569C}.Ad-Hoc|x86.Deploy.0 = Release|x86
		{6ADED81D-2562-468C-A957-4FEEC5CC569C}.AppStore|Any CPU.ActiveCfg = Release|x86
		{6ADED81D-2562-468C-A957-4FEEC5CC569C}.AppStore|Any CPU.Build.0 = Release|x86
		{6ADED81D-2562-468C-A957-4FEEC5CC569C}.AppStore|Any CPU.Deploy.0 = Release|x86
		{6ADED81D-2562-468C-A957-4FEEC5CC569C}.AppStore|ARM.ActiveCfg = Release|ARM
		{6ADED81D-2562-468C-A957-4FEEC5CC569C}.AppStore|ARM.Build.0 = Release|ARM
		{6ADED81D-2562-468C-A957-4FEEC5CC569C}.AppStore|ARM.Deploy.0 = Release|ARM
		{6ADED81D-2562-468C-A957-4FEEC5CC569C}.AppStore|iPhone.ActiveCfg = Release|x86
		{6ADED81D-2562-468C-A957-4FEEC5CC569C}.AppStore|iPhone.Build.0 = Release|x86
		{6ADED81D-2562-468C-A957-4FEEC5CC569C}.AppStore|iPhone.Deploy.0 = Release|x86
		{6ADED81D-2562-468C-A957-4FEEC5CC569C}.AppStore|iPhoneSimulator.ActiveCfg = Release|x86
		{6ADED81D-2562-468C-A957-4FEEC5CC569C}.AppStore|iPhoneSimulator.Build.0 = Release|x86
		{6ADED81D-2562-468C-A957-4FEEC5CC569C}.AppStore|iPhoneSimulator.Deploy.0 = Release|x86
		{6ADED81D-2562-468C-A957-4FEEC5CC569C}.AppStore|x64.ActiveCfg = Release|x64
		{6ADED81D-2562-468C-A957-4FEEC5CC569C}.AppStore|x64.Build.0 = Release|x64
		{6ADED81D-2562-468C-A957-4FEEC5CC569C}.AppStore|x64.Deploy.0 = Release|x64
		{6ADED81D-2562-468C-A957-4FEEC5CC569C}.AppStore|x86.ActiveCfg = Release|x86
		{6ADED81D-2562-468C-A957-4FEEC5CC569C}.AppStore|x86.Build.0 = Release|x86
		{6ADED81D-2562-468C-A957-4FEEC5CC569C}.AppStore|x86.Deploy.0 = Release|x86
		{6ADED81D-2562-468C-A957-4FEEC5CC569C}.Debug|Any CPU.ActiveCfg = Debug|x86
		{6ADED81D-2562-468C-A957-4FEEC5CC569C}.Debug|ARM.ActiveCfg = Debug|ARM
		{6ADED81D-2562-468C-A957-4FEEC5CC569C}.Debug|ARM.Build.0 = Debug|ARM
		{6ADED81D-2562-468C-A957-4FEEC5CC569C}.Debug|ARM.Deploy.0 = Debug|ARM
		{6ADED81D-2562-468C-A957-4FEEC5CC569C}.Debug|iPhone.ActiveCfg = Debug|x86
		{6ADED81D-2562-468C-A957-4FEEC5CC569C}.Debug|iPhoneSimulator.ActiveCfg = Debug|x86
		{6ADED81D-2562-468C-A957-4FEEC5CC569C}.Debug|x64.ActiveCfg = Debug|x64
		{6ADED81D-2562-468C-A957-4FEEC5CC569C}.Debug|x64.Build.0 = Debug|x64
		{6ADED81D-2562-468C-A957-4FEEC5CC569C}.Debug|x64.Deploy.0 = Debug|x64
		{6ADED81D-2562-468C-A957-4FEEC5CC569C}.Debug|x86.ActiveCfg = Debug|x86
		{6ADED81D-2562-468C-A957-4FEEC5CC569C}.Debug|x86.Build.0 = Debug|x86
		{6ADED81D-2562-468C-A957-4FEEC5CC569C}.Debug|x86.Deploy.0 = Debug|x86
		{6ADED81D-2562-468C-A957-4FEEC5CC569C}.Release|Any CPU.ActiveCfg = Release|x86
		{6ADED81D-2562-468C-A957-4FEEC5CC569C}.Release|ARM.ActiveCfg = Release|ARM
		{6ADED81D-2562-468C-A957-4FEEC5CC569C}.Release|ARM.Build.0 = Release|ARM
		{6ADED81D-2562-468C-A957-4FEEC5CC569C}.Release|ARM.Deploy.0 = Release|ARM
		{6ADED81D-2562-468C-A957-4FEEC5CC569C}.Release|iPhone.ActiveCfg = Release|x86
		{6ADED81D-2562-468C-A957-4FEEC5CC569C}.Release|iPhoneSimulator.ActiveCfg = Release|x86
		{6ADED81D-2562-468C-A957-4FEEC5CC569C}.Release|x64.ActiveCfg = Release|x64
		{6ADED81D-2562-468C-A957-4FEEC5CC569C}.Release|x64.Build.0 = Release|x64
		{6ADED81D-2562-468C-A957-4FEEC5CC569C}.Release|x64.Deploy.0 = Release|x64
		{6ADED81D-2562-468C-A957-4FEEC5CC569C}.Release|x86.ActiveCfg = Release|x86
		{6ADED81D-2562-468C-A957-4FEEC5CC569C}.Release|x86.Build.0 = Release|x86
		{6ADED81D-2562-468C-A957-4FEEC5CC569C}.Release|x86.Deploy.0 = Release|x86
	EndGlobalSection
	GlobalSection(SolutionProperties) = preSolution
		HideSolutionNode = FALSE
	EndGlobalSection
	GlobalSection(NestedProjects) = preSolution
		{602BF2B7-0DE4-40F4-B36B-CFC805D83A58} = {9C40F9F5-3C3D-4DCC-8E62-8D83DD8B53E1}
		{619E3A9A-C721-4995-AD2F-CBDAC79B915B} = {9C40F9F5-3C3D-4DCC-8E62-8D83DD8B53E1}
		{F1BEF67B-D6B3-4226-BB4D-0E0F19D70403} = {09A80A9D-A75E-4A15-A8F3-BA28370B2E4E}
		{30862F4A-7B08-4D06-8563-AFDA1229B3FD} = {09A80A9D-A75E-4A15-A8F3-BA28370B2E4E}
		{6ADED81D-2562-468C-A957-4FEEC5CC569C} = {9C40F9F5-3C3D-4DCC-8E62-8D83DD8B53E1}
	EndGlobalSection
EndGlobal
